// !$*UTF8*$!
{
	archiveVersion = 1;
	classes = {
	};
	objectVersion = 48;
	objects = {

/* Begin PBXBuildFile section */
		524AFC021FA08CC1001B756D /* main.c in Sources */ = {isa = PBXBuildFile; fileRef = 524AFC011FA08CC1001B756D /* main.c */; };
		524AFC0A1FA08EEC001B756D /* BMP.c in Sources */ = {isa = PBXBuildFile; fileRef = 524AFC081FA08EEC001B756D /* BMP.c */; };
		5254317D1FC6147700E46FA5 /* test2.bmp in CopyFiles */ = {isa = PBXBuildFile; fileRef = 5254317C1FC6146F00E46FA5 /* test2.bmp */; };
		525D944E1FFEF7CF00F892DA /* test3.bmp in CopyFiles */ = {isa = PBXBuildFile; fileRef = 525D944D1FFEF7A500F892DA /* test3.bmp */; };
		525D94501FFF017400F892DA /* alpha.bmp in CopyFiles */ = {isa = PBXBuildFile; fileRef = 525D944F1FFF016900F892DA /* alpha.bmp */; };
/* End PBXBuildFile section */

/* Begin PBXCopyFilesBuildPhase section */
		524AFBFC1FA08CC1001B756D /* CopyFiles */ = {
			isa = PBXCopyFilesBuildPhase;
			buildActionMask = 12;
			dstPath = "";
			dstSubfolderSpec = 16;
			files = (
				525D94501FFF017400F892DA /* alpha.bmp in CopyFiles */,
				525D944E1FFEF7CF00F892DA /* test3.bmp in CopyFiles */,
				5254317D1FC6147700E46FA5 /* test2.bmp in CopyFiles */,
			);
			runOnlyForDeploymentPostprocessing = 0;
		};
/* End PBXCopyFilesBuildPhase section */

/* Begin PBXFileReference section */
		524AFBFE1FA08CC1001B756D /* BMP-Processor */ = {isa = PBXFileReference; explicitFileType = "compiled.mach-o.executable"; includeInIndex = 0; path = "BMP-Processor"; sourceTree = BUILT_PRODUCTS_DIR; };
		524AFC011FA08CC1001B756D /* main.c */ = {isa = PBXFileReference; lastKnownFileType = sourcecode.c.c; path = main.c; sourceTree = "<group>"; };
		524AFC081FA08EEC001B756D /* BMP.c */ = {isa = PBXFileReference; lastKnownFileType = sourcecode.c.c; path = BMP.c; sourceTree = "<group>"; };
		524AFC091FA08EEC001B756D /* BMP.h */ = {isa = PBXFileReference; lastKnownFileType = sourcecode.c.h; path = BMP.h; sourceTree = "<group>"; };
		5254317C1FC6146F00E46FA5 /* test2.bmp */ = {isa = PBXFileReference; lastKnownFileType = image.bmp; path = test2.bmp; sourceTree = "<group>"; };
		525D944D1FFEF7A500F892DA /* test3.bmp */ = {isa = PBXFileReference; lastKnownFileType = image.bmp; path = test3.bmp; sourceTree = "<group>"; };
		525D944F1FFF016900F892DA /* alpha.bmp */ = {isa = PBXFileReference; lastKnownFileType = image.bmp; path = alpha.bmp; sourceTree = "<group>"; };
/* End PBXFileReference section */

/* Begin PBXFrameworksBuildPhase section */
		524AFBFB1FA08CC1001B756D /* Frameworks */ = {
			isa = PBXFrameworksBuildPhase;
			buildActionMask = 2147483647;
			files = (
			);
			runOnlyForDeploymentPostprocessing = 0;
		};
/* End PBXFrameworksBuildPhase section */

/* Begin PBXGroup section */
		524AFBF51FA08CC1001B756D = {
			isa = PBXGroup;
			children = (
				524AFC001FA08CC1001B756D /* BMP-Processor */,
				524AFBFF1FA08CC1001B756D /* Products */,
			);
			sourceTree = "<group>";
		};
		524AFBFF1FA08CC1001B756D /* Products */ = {
			isa = PBXGroup;
			children = (
				524AFBFE1FA08CC1001B756D /* BMP-Processor */,
			);
			name = Products;
			sourceTree = "<group>";
		};
		524AFC001FA08CC1001B756D /* BMP-Processor */ = {
			isa = PBXGroup;
			children = (
				524AFC011FA08CC1001B756D /* main.c */,
				524AFC081FA08EEC001B756D /* BMP.c */,
				5254317C1FC6146F00E46FA5 /* test2.bmp */,
				525D944F1FFF016900F892DA /* alpha.bmp */,
				525D944D1FFEF7A500F892DA /* test3.bmp */,
				524AFC091FA08EEC001B756D /* BMP.h */,
			);
			path = "BMP-Processor";
			sourceTree = "<group>";
		};
/* End PBXGroup section */

/* Begin PBXNativeTarget section */
		524AFBFD1FA08CC1001B756D /* BMP-Processor */ = {
			isa = PBXNativeTarget;
			buildConfigurationList = 524AFC051FA08CC1001B756D /* Build configuration list for PBXNativeTarget "BMP-Processor" */;
			buildPhases = (
				524AFBFA1FA08CC1001B756D /* Sources */,
				524AFBFB1FA08CC1001B756D /* Frameworks */,
				524AFBFC1FA08CC1001B756D /* CopyFiles */,
			);
			buildRules = (
			);
			dependencies = (
			);
			name = "BMP-Processor";
			productName = "BMP-Processor";
			productReference = 524AFBFE1FA08CC1001B756D /* BMP-Processor */;
			productType = "com.apple.product-type.tool";
		};
/* End PBXNativeTarget section */

/* Begin PBXProject section */
		524AFBF61FA08CC1001B756D /* Project object */ = {
			isa = PBXProject;
			attributes = {
				LastUpgradeCheck = 0900;
				ORGANIZATIONNAME = "Adenike Adeyemi";
				TargetAttributes = {
					524AFBFD1FA08CC1001B756D = {
						CreatedOnToolsVersion = 9.0.1;
						ProvisioningStyle = Automatic;
					};
				};
			};
			buildConfigurationList = 524AFBF91FA08CC1001B756D /* Build configuration list for PBXProject "BMP-Processor" */;
			compatibilityVersion = "Xcode 8.0";
			developmentRegion = en;
			hasScannedForEncodings = 0;
			knownRegions = (
				en,
			);
			mainGroup = 524AFBF51FA08CC1001B756D;
			productRefGroup = 524AFBFF1FA08CC1001B756D /* Products */;
			projectDirPath = "";
			projectRoot = "";
			targets = (
				524AFBFD1FA08CC1001B756D /* BMP-Processor */,
			);
		};
/* End PBXProject section */

/* Begin PBXSourcesBuildPhase section */
		524AFBFA1FA08CC1001B756D /* Sources */ = {
			isa = PBXSourcesBuildPhase;
			buildActionMask = 2147483647;
			files = (
				524AFC021FA08CC1001B756D /* main.c in Sources */,
				524AFC0A1FA08EEC001B756D /* BMP.c in Sources */,
			);
			runOnlyForDeploymentPostprocessing = 0;
		};
/* End PBXSourcesBuildPhase section */

/* Begin XCBuildConfiguration section */
		524AFC031FA08CC1001B756D /* Debug */ = {
			isa = XCBuildConfiguration;
			buildSettings = {
				ALWAYS_SEARCH_USER_PATHS = NO;
				CLANG_ANALYZER_NONNULL = YES;
				CLANG_ANALYZER_NUMBER_OBJECT_CONVERSION = YES_AGGRESSIVE;
				CLANG_CXX_LANGUAGE_STANDARD = "gnu++14";
				CLANG_CXX_LIBRARY = "libc++";
				CLANG_ENABLE_MODULES = YES;
				CLANG_ENABLE_OBJC_ARC = YES;
				CLANG_WARN_BLOCK_CAPTURE_AUTORELEASING = YES;
				CLANG_WARN_BOOL_CONVERSION = YES;
				CLANG_WARN_COMMA = YES;
				CLANG_WARN_CONSTANT_CONVERSION = YES;
				CLANG_WARN_DIRECT_OBJC_ISA_USAGE = YES_ERROR;
				CLANG_WARN_DOCUMENTATION_COMMENTS = YES;
				CLANG_WARN_EMPTY_BODY = YES;
				CLANG_WARN_ENUM_CONVERSION = YES;
				CLANG_WARN_INFINITE_RECURSION = YES;
				CLANG_WARN_INT_CONVERSION = YES;
				CLANG_WARN_NON_LITERAL_NULL_CONVERSION = YES;
				CLANG_WARN_OBJC_LITERAL_CONVERSION = YES;
				CLANG_WARN_OBJC_ROOT_CLASS = YES_ERROR;
				CLANG_WARN_RANGE_LOOP_ANALYSIS = YES;
				CLANG_WARN_STRICT_PROTOTYPES = YES;
				CLANG_WARN_SUSPICIOUS_MOVE = YES;
				CLANG_WARN_UNGUARDED_AVAILABILITY = YES_AGGRESSIVE;
				CLANG_WARN_UNREACHABLE_CODE = YES;
				CLANG_WARN__DUPLICATE_METHOD_MATCH = YES;
				CODE_SIGN_IDENTITY = "-";
				COPY_PHASE_STRIP = NO;
				DEBUG_INFORMATION_FORMAT = dwarf;
				ENABLE_STRICT_OBJC_MSGSEND = YES;
				ENABLE_TESTABILITY = YES;
				GCC_C_LANGUAGE_STANDARD = gnu11;
				GCC_DYNAMIC_NO_PIC = NO;
				GCC_NO_COMMON_BLOCKS = YES;
				GCC_OPTIMIZATION_LEVEL = 0;
				GCC_PREPROCESSOR_DEFINITIONS = (
					"DEBUG=1",
					"$(inherited)",
				);
				GCC_WARN_64_TO_32_BIT_CONVERSION = YES;
				GCC_WARN_ABOUT_RETURN_TYPE = YES_ERROR;
				GCC_WARN_UNDECLARED_SELECTOR = YES;
				GCC_WARN_UNINITIALIZED_AUTOS = YES_AGGRESSIVE;
				GCC_WARN_UNUSED_FUNCTION = YES;
				GCC_WARN_UNUSED_VARIABLE = YES;
				MACOSX_DEPLOYMENT_TARGET = 10.12;
				MTL_ENABLE_DEBUG_INFO = YES;
				ONLY_ACTIVE_ARCH = YES;
				SDKROOT = macosx;
			};
			name = Debug;
		};
		524AFC041FA08CC1001B756D /* Release */ = {
			isa = XCBuildConfiguration;
			buildSettings = {
				ALWAYS_SEARCH_USER_PATHS = NO;
				CLANG_ANALYZER_NONNULL = YES;
				CLANG_ANALYZER_NUMBER_OBJECT_CONVERSION = YES_AGGRESSIVE;
				CLANG_CXX_LANGUAGE_STANDARD = "gnu++14";
				CLANG_CXX_LIBRARY = "libc++";
				CLANG_ENABLE_MODULES = YES;
				CLANG_ENABLE_OBJC_ARC = YES;
				CLANG_WARN_BLOCK_CAPTURE_AUTORELEASING = YES;
				CLANG_WARN_BOOL_CONVERSION = YES;
				CLANG_WARN_COMMA = YES;
				CLANG_WARN_CONSTANT_CONVERSION = YES;
				CLANG_WARN_DIRECT_OBJC_ISA_USAGE = YES_ERROR;
				CLANG_WARN_DOCUMENTATION_COMMENTS = YES;
				CLANG_WARN_EMPTY_BODY = YES;
				CLANG_WARN_ENUM_CONVERSION = YES;
				CLANG_WARN_INFINITE_RECURSION = YES;
				CLANG_WARN_INT_CONVERSION = YES;
				CLANG_WARN_NON_LITERAL_NULL_CONVERSION = YES;
				CLANG_WARN_OBJC_LITERAL_CONVERSION = YES;
				CLANG_WARN_OBJC_ROOT_CLASS = YES_ERROR;
				CLANG_WARN_RANGE_LOOP_ANALYSIS = YES;
				CLANG_WARN_STRICT_PROTOTYPES = YES;
				CLANG_WARN_SUSPICIOUS_MOVE = YES;
				CLANG_WARN_UNGUARDED_AVAILABILITY = YES_AGGRESSIVE;
				CLANG_WARN_UNREACHABLE_CODE = YES;
				CLANG_WARN__DUPLICATE_METHOD_MATCH = YES;
				CODE_SIGN_IDENTITY = "-";
				COPY_PHASE_STRIP = NO;
				DEBUG_INFORMATION_FORMAT = "dwarf-with-dsym";
				ENABLE_NS_ASSERTIONS = NO;
				ENABLE_STRICT_OBJC_MSGSEND = YES;
				GCC_C_LANGUAGE_STANDARD = gnu11;
				GCC_NO_COMMON_BLOCKS = YES;
				GCC_WARN_64_TO_32_BIT_CONVERSION = YES;
				GCC_WARN_ABOUT_RETURN_TYPE = YES_ERROR;
				GCC_WARN_UNDECLARED_SELECTOR = YES;
				GCC_WARN_UNINITIALIZED_AUTOS = YES_AGGRESSIVE;
				GCC_WARN_UNUSED_FUNCTION = YES;
				GCC_WARN_UNUSED_VARIABLE = YES;
				MACOSX_DEPLOYMENT_TARGET = 10.12;
				MTL_ENABLE_DEBUG_INFO = NO;
				SDKROOT = macosx;
			};
			name = Release;
		};
		524AFC061FA08CC1001B756D /* Debug */ = {
			isa = XCBuildConfiguration;
			buildSettings = {
				CODE_SIGN_STYLE = Automatic;
				PRODUCT_NAME = "$(TARGET_NAME)";
			};
			name = Debug;
		};
		524AFC071FA08CC1001B756D /* Release */ = {
			isa = XCBuildConfiguration;
			buildSettings = {
				CODE_SIGN_STYLE = Automatic;
				PRODUCT_NAME = "$(TARGET_NAME)";
			};
			name = Release;
		};
/* End XCBuildConfiguration section */

/* Begin XCConfigurationList section */
		524AFBF91FA08CC1001B756D /* Build configuration list for PBXProject "BMP-Processor" */ = {
			isa = XCConfigurationList;
			buildConfigurations = (
				524AFC031FA08CC1001B756D /* Debug */,
				524AFC041FA08CC1001B756D /* Release */,
			);
			defaultConfigurationIsVisible = 0;
			defaultConfigurationName = Release;
		};
		524AFC051FA08CC1001B756D /* Build configuration list for PBXNativeTarget "BMP-Processor" */ = {
			isa = XCConfigurationList;
			buildConfigurations = (
				524AFC061FA08CC1001B756D /* Debug */,
				524AFC071FA08CC1001B756D /* Release */,
			);
			defaultConfigurationIsVisible = 0;
			defaultConfigurationName = Release;
		};
/* End XCConfigurationList section */
	};
	rootObject = 524AFBF61FA08CC1001B756D /* Project object */;
}
